
Microsoft Visual Studio Solution File, Format Version 12.00
# Visual Studio 15
VisualStudioVersion = 15.0.27130.2027
MinimumVisualStudioVersion = 10.0.40219.1
Project("{FAE04EC0-301F-11D3-BF4B-00C04F79EFBC}") = "Logger", "Logger\Logger.csproj", "{EFA3A8C2-2567-4908-B1DA-05E505084CFB}"
EndProject
Global
	GlobalSection(SolutionConfigurationPlatforms) = preSolution
		Debug|Any CPU = Debug|Any CPU
		Release|Any CPU = Release|Any CPU
	EndGlobalSection
	GlobalSection(ProjectConfigurationPlatforms) = postSolution
		{EFA3A8C2-2567-4908-B1DA-05E505084CFB}.Debug|Any CPU.ActiveCfg = Debug|Any CPU
		{EFA3A8C2-2567-4908-B1DA-05E505084CFB}.Debug|Any CPU.Build.0 = Debug|Any CPU
		{EFA3A8C2-2567-4908-B1DA-05E505084CFB}.Release|Any CPU.ActiveCfg = Release|Any CPU
		{EFA3A8C2-2567-4908-B1DA-05E505084CFB}.Release|Any CPU.Build.0 = Release|Any CPU
	EndGlobalSection
	GlobalSection(SolutionProperties) = preSolution
		HideSolutionNode = FALSE
	EndGlobalSection
	GlobalSection(ExtensibilityGlobals) = postSolution
		SolutionGuid = {7BF1151E-E972-4292-BE78-E0A9840DB0D8}
	EndGlobalSection
EndGlobal
