
Microsoft Visual Studio Solution File, Format Version 12.00
# Visual Studio 15
VisualStudioVersion = 15.0.27130.2027
MinimumVisualStudioVersion = 10.0.40219.1
Project("{FAE04EC0-301F-11D3-BF4B-00C04F79EFBC}") = "Minedraft", "Minedraft\Minedraft.csproj", "{BE8471E9-282E-4561-98B6-08965312E6A2}"
EndProject
Global
	GlobalSection(SolutionConfigurationPlatforms) = preSolution
		Debug|Any CPU = Debug|Any CPU
		Release|Any CPU = Release|Any CPU
	EndGlobalSection
	GlobalSection(ProjectConfigurationPlatforms) = postSolution
		{BE8471E9-282E-4561-98B6-08965312E6A2}.Debug|Any CPU.ActiveCfg = Debug|Any CPU
		{BE8471E9-282E-4561-98B6-08965312E6A2}.Debug|Any CPU.Build.0 = Debug|Any CPU
		{BE8471E9-282E-4561-98B6-08965312E6A2}.Release|Any CPU.ActiveCfg = Release|Any CPU
		{BE8471E9-282E-4561-98B6-08965312E6A2}.Release|Any CPU.Build.0 = Release|Any CPU
	EndGlobalSection
	GlobalSection(SolutionProperties) = preSolution
		HideSolutionNode = FALSE
	EndGlobalSection
	GlobalSection(ExtensibilityGlobals) = postSolution
		SolutionGuid = {367C4F61-7351-4EEF-BE5F-75DEEB602670}
	EndGlobalSection
EndGlobal
