
Microsoft Visual Studio Solution File, Format Version 12.00
# Visual Studio 15
VisualStudioVersion = 15.0.26730.16
MinimumVisualStudioVersion = 10.0.40219.1
Project("{FAE04EC0-301F-11D3-BF4B-00C04F79EFBC}") = "Task 02.Monopoly", "Task 02.Monopoly\Task 02.Monopoly.csproj", "{54B499A7-59CF-4A1D-9B5A-39A268E1BFFB}"
EndProject
Global
	GlobalSection(SolutionConfigurationPlatforms) = preSolution
		Debug|Any CPU = Debug|Any CPU
		Release|Any CPU = Release|Any CPU
	EndGlobalSection
	GlobalSection(ProjectConfigurationPlatforms) = postSolution
		{54B499A7-59CF-4A1D-9B5A-39A268E1BFFB}.Debug|Any CPU.ActiveCfg = Debug|Any CPU
		{54B499A7-59CF-4A1D-9B5A-39A268E1BFFB}.Debug|Any CPU.Build.0 = Debug|Any CPU
		{54B499A7-59CF-4A1D-9B5A-39A268E1BFFB}.Release|Any CPU.ActiveCfg = Release|Any CPU
		{54B499A7-59CF-4A1D-9B5A-39A268E1BFFB}.Release|Any CPU.Build.0 = Release|Any CPU
	EndGlobalSection
	GlobalSection(SolutionProperties) = preSolution
		HideSolutionNode = FALSE
	EndGlobalSection
	GlobalSection(ExtensibilityGlobals) = postSolution
		SolutionGuid = {97B68239-0483-46FD-8475-51E5B7E17C66}
	EndGlobalSection
EndGlobal
