
Microsoft Visual Studio Solution File, Format Version 12.00
# Visual Studio 15
VisualStudioVersion = 15.0.27130.2027
MinimumVisualStudioVersion = 10.0.40219.1
Project("{9A19103F-16F7-4668-BE54-9A1E7A4F7556}") = "P01_Vehicles", "P01_Vehicles\P01_Vehicles.csproj", "{E944CD46-F7A8-4B2E-8627-2870F097D85C}"
EndProject
Project("{FAE04EC0-301F-11D3-BF4B-00C04F79EFBC}") = "P03_WildFarm", "P03_WildFarm\P03_WildFarm.csproj", "{80B864AF-8542-470A-9E7E-14AC5D6C97E2}"
EndProject
Global
	GlobalSection(SolutionConfigurationPlatforms) = preSolution
		Debug|Any CPU = Debug|Any CPU
		Release|Any CPU = Release|Any CPU
	EndGlobalSection
	GlobalSection(ProjectConfigurationPlatforms) = postSolution
		{E944CD46-F7A8-4B2E-8627-2870F097D85C}.Debug|Any CPU.ActiveCfg = Debug|Any CPU
		{E944CD46-F7A8-4B2E-8627-2870F097D85C}.Debug|Any CPU.Build.0 = Debug|Any CPU
		{E944CD46-F7A8-4B2E-8627-2870F097D85C}.Release|Any CPU.ActiveCfg = Release|Any CPU
		{E944CD46-F7A8-4B2E-8627-2870F097D85C}.Release|Any CPU.Build.0 = Release|Any CPU
		{80B864AF-8542-470A-9E7E-14AC5D6C97E2}.Debug|Any CPU.ActiveCfg = Debug|Any CPU
		{80B864AF-8542-470A-9E7E-14AC5D6C97E2}.Debug|Any CPU.Build.0 = Debug|Any CPU
		{80B864AF-8542-470A-9E7E-14AC5D6C97E2}.Release|Any CPU.ActiveCfg = Release|Any CPU
		{80B864AF-8542-470A-9E7E-14AC5D6C97E2}.Release|Any CPU.Build.0 = Release|Any CPU
	EndGlobalSection
	GlobalSection(SolutionProperties) = preSolution
		HideSolutionNode = FALSE
	EndGlobalSection
	GlobalSection(ExtensibilityGlobals) = postSolution
		SolutionGuid = {3AA4EEA1-67E7-4215-88CE-B09CF867FB60}
	EndGlobalSection
EndGlobal
