
Microsoft Visual Studio Solution File, Format Version 12.00
# Visual Studio 15
VisualStudioVersion = 15.0.26730.16
MinimumVisualStudioVersion = 10.0.40219.1
Project("{FAE04EC0-301F-11D3-BF4B-00C04F79EFBC}") = "Task 01. BankAccount", "Task01.BankAccount\Task 01. BankAccount.csproj", "{3E1C5106-27FC-48E0-A0E8-FA54ED5720EE}"
EndProject
Project("{9A19103F-16F7-4668-BE54-9A1E7A4F7556}") = "Task 02. BankAccountMethods", "Task 02. BankAccountMethods\Task 02. BankAccountMethods.csproj", "{A5F3EA29-08FA-40F0-98E5-6B1BB9F79AFE}"
EndProject
Project("{FAE04EC0-301F-11D3-BF4B-00C04F79EFBC}") = "Task 03. TestClient", "Task 03. TestClient\Task 03. TestClient.csproj", "{F1EAD672-A86D-4A99-A24A-865D0AA9D0A1}"
EndProject
Global
	GlobalSection(SolutionConfigurationPlatforms) = preSolution
		Debug|Any CPU = Debug|Any CPU
		Release|Any CPU = Release|Any CPU
	EndGlobalSection
	GlobalSection(ProjectConfigurationPlatforms) = postSolution
		{3E1C5106-27FC-48E0-A0E8-FA54ED5720EE}.Debug|Any CPU.ActiveCfg = Debug|Any CPU
		{3E1C5106-27FC-48E0-A0E8-FA54ED5720EE}.Debug|Any CPU.Build.0 = Debug|Any CPU
		{3E1C5106-27FC-48E0-A0E8-FA54ED5720EE}.Release|Any CPU.ActiveCfg = Release|Any CPU
		{3E1C5106-27FC-48E0-A0E8-FA54ED5720EE}.Release|Any CPU.Build.0 = Release|Any CPU
		{A5F3EA29-08FA-40F0-98E5-6B1BB9F79AFE}.Debug|Any CPU.ActiveCfg = Debug|Any CPU
		{A5F3EA29-08FA-40F0-98E5-6B1BB9F79AFE}.Debug|Any CPU.Build.0 = Debug|Any CPU
		{A5F3EA29-08FA-40F0-98E5-6B1BB9F79AFE}.Release|Any CPU.ActiveCfg = Release|Any CPU
		{A5F3EA29-08FA-40F0-98E5-6B1BB9F79AFE}.Release|Any CPU.Build.0 = Release|Any CPU
		{F1EAD672-A86D-4A99-A24A-865D0AA9D0A1}.Debug|Any CPU.ActiveCfg = Debug|Any CPU
		{F1EAD672-A86D-4A99-A24A-865D0AA9D0A1}.Debug|Any CPU.Build.0 = Debug|Any CPU
		{F1EAD672-A86D-4A99-A24A-865D0AA9D0A1}.Release|Any CPU.ActiveCfg = Release|Any CPU
		{F1EAD672-A86D-4A99-A24A-865D0AA9D0A1}.Release|Any CPU.Build.0 = Release|Any CPU
	EndGlobalSection
	GlobalSection(SolutionProperties) = preSolution
		HideSolutionNode = FALSE
	EndGlobalSection
	GlobalSection(ExtensibilityGlobals) = postSolution
		SolutionGuid = {813D0858-B953-4470-9DDB-5DD3ADC8E934}
	EndGlobalSection
EndGlobal
