
Microsoft Visual Studio Solution File, Format Version 12.00
# Visual Studio 15
VisualStudioVersion = 15.0.27130.2027
MinimumVisualStudioVersion = 10.0.40219.1
Project("{FAE04EC0-301F-11D3-BF4B-00C04F79EFBC}") = "UnitTester", "UnitTester\UnitTester.csproj", "{9841CC66-A050-4955-846C-E9FBDC0B541F}"
EndProject
Project("{FAE04EC0-301F-11D3-BF4B-00C04F79EFBC}") = "UnitTesterTest", "UnitTesterTest\UnitTesterTest.csproj", "{289439F1-101E-4B94-952E-1B8C9B70C364}"
EndProject
Global
	GlobalSection(SolutionConfigurationPlatforms) = preSolution
		Debug|Any CPU = Debug|Any CPU
		Release|Any CPU = Release|Any CPU
	EndGlobalSection
	GlobalSection(ProjectConfigurationPlatforms) = postSolution
		{9841CC66-A050-4955-846C-E9FBDC0B541F}.Debug|Any CPU.ActiveCfg = Debug|Any CPU
		{9841CC66-A050-4955-846C-E9FBDC0B541F}.Debug|Any CPU.Build.0 = Debug|Any CPU
		{9841CC66-A050-4955-846C-E9FBDC0B541F}.Release|Any CPU.ActiveCfg = Release|Any CPU
		{9841CC66-A050-4955-846C-E9FBDC0B541F}.Release|Any CPU.Build.0 = Release|Any CPU
		{289439F1-101E-4B94-952E-1B8C9B70C364}.Debug|Any CPU.ActiveCfg = Debug|Any CPU
		{289439F1-101E-4B94-952E-1B8C9B70C364}.Debug|Any CPU.Build.0 = Debug|Any CPU
		{289439F1-101E-4B94-952E-1B8C9B70C364}.Release|Any CPU.ActiveCfg = Release|Any CPU
		{289439F1-101E-4B94-952E-1B8C9B70C364}.Release|Any CPU.Build.0 = Release|Any CPU
	EndGlobalSection
	GlobalSection(SolutionProperties) = preSolution
		HideSolutionNode = FALSE
	EndGlobalSection
	GlobalSection(ExtensibilityGlobals) = postSolution
		SolutionGuid = {5442D7EC-4F9F-4ED4-A517-97895AE6CA1F}
	EndGlobalSection
EndGlobal
