
Microsoft Visual Studio Solution File, Format Version 12.00
# Visual Studio 15
VisualStudioVersion = 15.0.26730.16
MinimumVisualStudioVersion = 10.0.40219.1
Project("{9A19103F-16F7-4668-BE54-9A1E7A4F7556}") = "Task 01.ActionPoint", "Task 01.ActionPoint\Task 01.ActionPoint.csproj", "{FB6A4E1B-24A1-482A-9CD7-76E8F79A3CC0}"
EndProject
Project("{9A19103F-16F7-4668-BE54-9A1E7A4F7556}") = "Task 02.KnightsOfHonor", "Task 02.KnightsOfHonor\Task 02.KnightsOfHonor.csproj", "{02FA1E9E-5EB4-4B7E-85BA-4D2EE9FADCDB}"
EndProject
Project("{9A19103F-16F7-4668-BE54-9A1E7A4F7556}") = "Task 03.CustomMinFunction", "Task 03.CustomMinFunction\Task 03.CustomMinFunction.csproj", "{78075D79-BDA7-4C09-B6CA-9EFE1E8B3B36}"
EndProject
Project("{9A19103F-16F7-4668-BE54-9A1E7A4F7556}") = "Task 04.FindEvensOrOdds", "Task 04.FindEvensOrOdds\Task 04.FindEvensOrOdds.csproj", "{178A9653-88CB-4E6F-9C99-22A64496C56F}"
EndProject
Project("{9A19103F-16F7-4668-BE54-9A1E7A4F7556}") = "Task 05.AppliedArithmetics", "Task 05.AppliedArithmetics\Task 05.AppliedArithmetics.csproj", "{03560DDC-A8A0-4585-B45D-D27EED26FAF3}"
EndProject
Project("{FAE04EC0-301F-11D3-BF4B-00C04F79EFBC}") = "Task 06.ReverseAndExclude", "Task 06.ReverseAndExclude\Task 06.ReverseAndExclude.csproj", "{DCA95474-97F8-474D-AF55-A39D629D1EB1}"
EndProject
Project("{FAE04EC0-301F-11D3-BF4B-00C04F79EFBC}") = "Task 07.PredicateForNames", "Task 07.PredicateForNames\Task 07.PredicateForNames.csproj", "{16CDB5FC-44EE-48AD-893E-41CAC1C531DF}"
EndProject
Project("{FAE04EC0-301F-11D3-BF4B-00C04F79EFBC}") = "Task 08.CustomComparator", "Task 08.CustomComparator\Task 08.CustomComparator.csproj", "{4B524B29-E180-4DE1-93CB-65EE68101F7C}"
EndProject
Project("{FAE04EC0-301F-11D3-BF4B-00C04F79EFBC}") = "Task 09.ListOfPredicates", "Task 09.ListOfPredicates\Task 09.ListOfPredicates.csproj", "{04B25439-824F-408A-A8D6-D0B8E3FFD7E9}"
EndProject
Project("{FAE04EC0-301F-11D3-BF4B-00C04F79EFBC}") = "Task 10.PredicateParty!", "Task 10.PredicateParty!\Task 10.PredicateParty!.csproj", "{0B16F3B7-F952-4060-81BE-F0D68417DDD7}"
EndProject
Project("{FAE04EC0-301F-11D3-BF4B-00C04F79EFBC}") = "Task 11.PartyReservationFilterModule", "Task 11.PartyReservationFilterModule\Task 11.PartyReservationFilterModule.csproj", "{3CFDB113-E29A-472A-AA8B-40693B24014E}"
EndProject
Project("{FAE04EC0-301F-11D3-BF4B-00C04F79EFBC}") = "Task 12.InfernoIII", "Task 12.InfernoIII\Task 12.InfernoIII.csproj", "{CC51094D-34BC-4260-BD6E-B6130BE98AD1}"
EndProject
Project("{FAE04EC0-301F-11D3-BF4B-00C04F79EFBC}") = "Task 13.TriFunction", "Task 13.TriFunction\Task 13.TriFunction.csproj", "{3033D96E-CAAB-40DE-9618-10511DD6BDF7}"
EndProject
Global
	GlobalSection(SolutionConfigurationPlatforms) = preSolution
		Debug|Any CPU = Debug|Any CPU
		Release|Any CPU = Release|Any CPU
	EndGlobalSection
	GlobalSection(ProjectConfigurationPlatforms) = postSolution
		{FB6A4E1B-24A1-482A-9CD7-76E8F79A3CC0}.Debug|Any CPU.ActiveCfg = Debug|Any CPU
		{FB6A4E1B-24A1-482A-9CD7-76E8F79A3CC0}.Debug|Any CPU.Build.0 = Debug|Any CPU
		{FB6A4E1B-24A1-482A-9CD7-76E8F79A3CC0}.Release|Any CPU.ActiveCfg = Release|Any CPU
		{FB6A4E1B-24A1-482A-9CD7-76E8F79A3CC0}.Release|Any CPU.Build.0 = Release|Any CPU
		{02FA1E9E-5EB4-4B7E-85BA-4D2EE9FADCDB}.Debug|Any CPU.ActiveCfg = Debug|Any CPU
		{02FA1E9E-5EB4-4B7E-85BA-4D2EE9FADCDB}.Debug|Any CPU.Build.0 = Debug|Any CPU
		{02FA1E9E-5EB4-4B7E-85BA-4D2EE9FADCDB}.Release|Any CPU.ActiveCfg = Release|Any CPU
		{02FA1E9E-5EB4-4B7E-85BA-4D2EE9FADCDB}.Release|Any CPU.Build.0 = Release|Any CPU
		{78075D79-BDA7-4C09-B6CA-9EFE1E8B3B36}.Debug|Any CPU.ActiveCfg = Debug|Any CPU
		{78075D79-BDA7-4C09-B6CA-9EFE1E8B3B36}.Debug|Any CPU.Build.0 = Debug|Any CPU
		{78075D79-BDA7-4C09-B6CA-9EFE1E8B3B36}.Release|Any CPU.ActiveCfg = Release|Any CPU
		{78075D79-BDA7-4C09-B6CA-9EFE1E8B3B36}.Release|Any CPU.Build.0 = Release|Any CPU
		{178A9653-88CB-4E6F-9C99-22A64496C56F}.Debug|Any CPU.ActiveCfg = Debug|Any CPU
		{178A9653-88CB-4E6F-9C99-22A64496C56F}.Debug|Any CPU.Build.0 = Debug|Any CPU
		{178A9653-88CB-4E6F-9C99-22A64496C56F}.Release|Any CPU.ActiveCfg = Release|Any CPU
		{178A9653-88CB-4E6F-9C99-22A64496C56F}.Release|Any CPU.Build.0 = Release|Any CPU
		{03560DDC-A8A0-4585-B45D-D27EED26FAF3}.Debug|Any CPU.ActiveCfg = Debug|Any CPU
		{03560DDC-A8A0-4585-B45D-D27EED26FAF3}.Debug|Any CPU.Build.0 = Debug|Any CPU
		{03560DDC-A8A0-4585-B45D-D27EED26FAF3}.Release|Any CPU.ActiveCfg = Release|Any CPU
		{03560DDC-A8A0-4585-B45D-D27EED26FAF3}.Release|Any CPU.Build.0 = Release|Any CPU
		{DCA95474-97F8-474D-AF55-A39D629D1EB1}.Debug|Any CPU.ActiveCfg = Debug|Any CPU
		{DCA95474-97F8-474D-AF55-A39D629D1EB1}.Debug|Any CPU.Build.0 = Debug|Any CPU
		{DCA95474-97F8-474D-AF55-A39D629D1EB1}.Release|Any CPU.ActiveCfg = Release|Any CPU
		{DCA95474-97F8-474D-AF55-A39D629D1EB1}.Release|Any CPU.Build.0 = Release|Any CPU
		{16CDB5FC-44EE-48AD-893E-41CAC1C531DF}.Debug|Any CPU.ActiveCfg = Debug|Any CPU
		{16CDB5FC-44EE-48AD-893E-41CAC1C531DF}.Debug|Any CPU.Build.0 = Debug|Any CPU
		{16CDB5FC-44EE-48AD-893E-41CAC1C531DF}.Release|Any CPU.ActiveCfg = Release|Any CPU
		{16CDB5FC-44EE-48AD-893E-41CAC1C531DF}.Release|Any CPU.Build.0 = Release|Any CPU
		{4B524B29-E180-4DE1-93CB-65EE68101F7C}.Debug|Any CPU.ActiveCfg = Debug|Any CPU
		{4B524B29-E180-4DE1-93CB-65EE68101F7C}.Debug|Any CPU.Build.0 = Debug|Any CPU
		{4B524B29-E180-4DE1-93CB-65EE68101F7C}.Release|Any CPU.ActiveCfg = Release|Any CPU
		{4B524B29-E180-4DE1-93CB-65EE68101F7C}.Release|Any CPU.Build.0 = Release|Any CPU
		{04B25439-824F-408A-A8D6-D0B8E3FFD7E9}.Debug|Any CPU.ActiveCfg = Debug|Any CPU
		{04B25439-824F-408A-A8D6-D0B8E3FFD7E9}.Debug|Any CPU.Build.0 = Debug|Any CPU
		{04B25439-824F-408A-A8D6-D0B8E3FFD7E9}.Release|Any CPU.ActiveCfg = Release|Any CPU
		{04B25439-824F-408A-A8D6-D0B8E3FFD7E9}.Release|Any CPU.Build.0 = Release|Any CPU
		{0B16F3B7-F952-4060-81BE-F0D68417DDD7}.Debug|Any CPU.ActiveCfg = Debug|Any CPU
		{0B16F3B7-F952-4060-81BE-F0D68417DDD7}.Debug|Any CPU.Build.0 = Debug|Any CPU
		{0B16F3B7-F952-4060-81BE-F0D68417DDD7}.Release|Any CPU.ActiveCfg = Release|Any CPU
		{0B16F3B7-F952-4060-81BE-F0D68417DDD7}.Release|Any CPU.Build.0 = Release|Any CPU
		{3CFDB113-E29A-472A-AA8B-40693B24014E}.Debug|Any CPU.ActiveCfg = Debug|Any CPU
		{3CFDB113-E29A-472A-AA8B-40693B24014E}.Debug|Any CPU.Build.0 = Debug|Any CPU
		{3CFDB113-E29A-472A-AA8B-40693B24014E}.Release|Any CPU.ActiveCfg = Release|Any CPU
		{3CFDB113-E29A-472A-AA8B-40693B24014E}.Release|Any CPU.Build.0 = Release|Any CPU
		{CC51094D-34BC-4260-BD6E-B6130BE98AD1}.Debug|Any CPU.ActiveCfg = Debug|Any CPU
		{CC51094D-34BC-4260-BD6E-B6130BE98AD1}.Debug|Any CPU.Build.0 = Debug|Any CPU
		{CC51094D-34BC-4260-BD6E-B6130BE98AD1}.Release|Any CPU.ActiveCfg = Release|Any CPU
		{CC51094D-34BC-4260-BD6E-B6130BE98AD1}.Release|Any CPU.Build.0 = Release|Any CPU
		{3033D96E-CAAB-40DE-9618-10511DD6BDF7}.Debug|Any CPU.ActiveCfg = Debug|Any CPU
		{3033D96E-CAAB-40DE-9618-10511DD6BDF7}.Debug|Any CPU.Build.0 = Debug|Any CPU
		{3033D96E-CAAB-40DE-9618-10511DD6BDF7}.Release|Any CPU.ActiveCfg = Release|Any CPU
		{3033D96E-CAAB-40DE-9618-10511DD6BDF7}.Release|Any CPU.Build.0 = Release|Any CPU
	EndGlobalSection
	GlobalSection(SolutionProperties) = preSolution
		HideSolutionNode = FALSE
	EndGlobalSection
	GlobalSection(ExtensibilityGlobals) = postSolution
		SolutionGuid = {E10CB349-E4D6-4599-A8E2-F97CDF4B3198}
	EndGlobalSection
EndGlobal
