
Microsoft Visual Studio Solution File, Format Version 12.00
# Visual Studio 15
VisualStudioVersion = 15.0.26730.16
MinimumVisualStudioVersion = 10.0.40219.1
Project("{FAE04EC0-301F-11D3-BF4B-00C04F79EFBC}") = "Task 01.ReverseNumbersWithAStack", "Task 01.ReverseNumbersWithAStack\Task 01.ReverseNumbersWithAStack.csproj", "{83A30B4E-0368-4BC0-ADAE-7F05315FFE08}"
EndProject
Project("{FAE04EC0-301F-11D3-BF4B-00C04F79EFBC}") = "Task 02.BasicStackOperations", "Task 02.Basic Stack Operations\Task 02.BasicStackOperations.csproj", "{5AEA5CFF-E36C-428F-AD9C-51962F7D5A21}"
EndProject
Project("{FAE04EC0-301F-11D3-BF4B-00C04F79EFBC}") = "Task 03.MaximumElement", "Task 03.MaximumElement\Task 03.MaximumElement.csproj", "{9AF8D2DD-9536-4E5D-A62A-B1D9D2F6B530}"
EndProject
Project("{FAE04EC0-301F-11D3-BF4B-00C04F79EFBC}") = "Task 04.BasicQueueOperations", "Task 04.BasicQueueOperations\Task 04.BasicQueueOperations.csproj", "{F532AE01-31B2-4FEA-BDEB-D4BA8E7888C7}"
EndProject
Project("{FAE04EC0-301F-11D3-BF4B-00C04F79EFBC}") = "Task 05.SequenceWithQueue", "Task 05.SequenceWithQueue\Task 05.SequenceWithQueue.csproj", "{3AD08DC2-E3A8-4ECA-9677-A331532FA6A6}"
EndProject
Project("{FAE04EC0-301F-11D3-BF4B-00C04F79EFBC}") = "Task 06.TruckTour", "Task 06.TruckTour\Task 06.TruckTour.csproj", "{BC6F62DE-2FE8-44EA-8FDB-B9D4FC922B59}"
EndProject
Project("{FAE04EC0-301F-11D3-BF4B-00C04F79EFBC}") = "Task 07.BalancedParentheses", "Task 07.BalancedParentheses\Task 07.BalancedParentheses.csproj", "{9AE85A28-7E2F-40B5-969C-19E64F8275E3}"
EndProject
Project("{FAE04EC0-301F-11D3-BF4B-00C04F79EFBC}") = "Task 08.RecursiveFibonacci", "Task 08.RecursiveFibonacci\Task 08.RecursiveFibonacci.csproj", "{2F114C51-54E8-41F2-A048-7B956077042F}"
EndProject
Project("{FAE04EC0-301F-11D3-BF4B-00C04F79EFBC}") = "Task 09.StackFibonacci", "Task 09.StackFibonacci\Task 09.StackFibonacci.csproj", "{207C4C65-EA5A-40BA-A6AA-88D6EAA6D9C6}"
EndProject
Project("{FAE04EC0-301F-11D3-BF4B-00C04F79EFBC}") = "Task 10.SimpleTextEditor", "Task 10.SimpleTextEditor\Task 10.SimpleTextEditor.csproj", "{C7813836-2E73-4C9B-97E0-31A6A73F08DB}"
EndProject
Project("{FAE04EC0-301F-11D3-BF4B-00C04F79EFBC}") = "Task 11.PoisonousPlants", "Task 11.PoisonousPlants\Task 11.PoisonousPlants.csproj", "{4EA79519-83D5-42B2-839F-AE90B19FC76B}"
EndProject
Global
	GlobalSection(SolutionConfigurationPlatforms) = preSolution
		Debug|Any CPU = Debug|Any CPU
		Release|Any CPU = Release|Any CPU
	EndGlobalSection
	GlobalSection(ProjectConfigurationPlatforms) = postSolution
		{83A30B4E-0368-4BC0-ADAE-7F05315FFE08}.Debug|Any CPU.ActiveCfg = Debug|Any CPU
		{83A30B4E-0368-4BC0-ADAE-7F05315FFE08}.Debug|Any CPU.Build.0 = Debug|Any CPU
		{83A30B4E-0368-4BC0-ADAE-7F05315FFE08}.Release|Any CPU.ActiveCfg = Release|Any CPU
		{83A30B4E-0368-4BC0-ADAE-7F05315FFE08}.Release|Any CPU.Build.0 = Release|Any CPU
		{5AEA5CFF-E36C-428F-AD9C-51962F7D5A21}.Debug|Any CPU.ActiveCfg = Debug|Any CPU
		{5AEA5CFF-E36C-428F-AD9C-51962F7D5A21}.Debug|Any CPU.Build.0 = Debug|Any CPU
		{5AEA5CFF-E36C-428F-AD9C-51962F7D5A21}.Release|Any CPU.ActiveCfg = Release|Any CPU
		{5AEA5CFF-E36C-428F-AD9C-51962F7D5A21}.Release|Any CPU.Build.0 = Release|Any CPU
		{9AF8D2DD-9536-4E5D-A62A-B1D9D2F6B530}.Debug|Any CPU.ActiveCfg = Debug|Any CPU
		{9AF8D2DD-9536-4E5D-A62A-B1D9D2F6B530}.Debug|Any CPU.Build.0 = Debug|Any CPU
		{9AF8D2DD-9536-4E5D-A62A-B1D9D2F6B530}.Release|Any CPU.ActiveCfg = Release|Any CPU
		{9AF8D2DD-9536-4E5D-A62A-B1D9D2F6B530}.Release|Any CPU.Build.0 = Release|Any CPU
		{F532AE01-31B2-4FEA-BDEB-D4BA8E7888C7}.Debug|Any CPU.ActiveCfg = Debug|Any CPU
		{F532AE01-31B2-4FEA-BDEB-D4BA8E7888C7}.Debug|Any CPU.Build.0 = Debug|Any CPU
		{F532AE01-31B2-4FEA-BDEB-D4BA8E7888C7}.Release|Any CPU.ActiveCfg = Release|Any CPU
		{F532AE01-31B2-4FEA-BDEB-D4BA8E7888C7}.Release|Any CPU.Build.0 = Release|Any CPU
		{3AD08DC2-E3A8-4ECA-9677-A331532FA6A6}.Debug|Any CPU.ActiveCfg = Debug|Any CPU
		{3AD08DC2-E3A8-4ECA-9677-A331532FA6A6}.Debug|Any CPU.Build.0 = Debug|Any CPU
		{3AD08DC2-E3A8-4ECA-9677-A331532FA6A6}.Release|Any CPU.ActiveCfg = Release|Any CPU
		{3AD08DC2-E3A8-4ECA-9677-A331532FA6A6}.Release|Any CPU.Build.0 = Release|Any CPU
		{BC6F62DE-2FE8-44EA-8FDB-B9D4FC922B59}.Debug|Any CPU.ActiveCfg = Debug|Any CPU
		{BC6F62DE-2FE8-44EA-8FDB-B9D4FC922B59}.Debug|Any CPU.Build.0 = Debug|Any CPU
		{BC6F62DE-2FE8-44EA-8FDB-B9D4FC922B59}.Release|Any CPU.ActiveCfg = Release|Any CPU
		{BC6F62DE-2FE8-44EA-8FDB-B9D4FC922B59}.Release|Any CPU.Build.0 = Release|Any CPU
		{9AE85A28-7E2F-40B5-969C-19E64F8275E3}.Debug|Any CPU.ActiveCfg = Debug|Any CPU
		{9AE85A28-7E2F-40B5-969C-19E64F8275E3}.Debug|Any CPU.Build.0 = Debug|Any CPU
		{9AE85A28-7E2F-40B5-969C-19E64F8275E3}.Release|Any CPU.ActiveCfg = Release|Any CPU
		{9AE85A28-7E2F-40B5-969C-19E64F8275E3}.Release|Any CPU.Build.0 = Release|Any CPU
		{2F114C51-54E8-41F2-A048-7B956077042F}.Debug|Any CPU.ActiveCfg = Debug|Any CPU
		{2F114C51-54E8-41F2-A048-7B956077042F}.Debug|Any CPU.Build.0 = Debug|Any CPU
		{2F114C51-54E8-41F2-A048-7B956077042F}.Release|Any CPU.ActiveCfg = Release|Any CPU
		{2F114C51-54E8-41F2-A048-7B956077042F}.Release|Any CPU.Build.0 = Release|Any CPU
		{207C4C65-EA5A-40BA-A6AA-88D6EAA6D9C6}.Debug|Any CPU.ActiveCfg = Debug|Any CPU
		{207C4C65-EA5A-40BA-A6AA-88D6EAA6D9C6}.Debug|Any CPU.Build.0 = Debug|Any CPU
		{207C4C65-EA5A-40BA-A6AA-88D6EAA6D9C6}.Release|Any CPU.ActiveCfg = Release|Any CPU
		{207C4C65-EA5A-40BA-A6AA-88D6EAA6D9C6}.Release|Any CPU.Build.0 = Release|Any CPU
		{C7813836-2E73-4C9B-97E0-31A6A73F08DB}.Debug|Any CPU.ActiveCfg = Debug|Any CPU
		{C7813836-2E73-4C9B-97E0-31A6A73F08DB}.Debug|Any CPU.Build.0 = Debug|Any CPU
		{C7813836-2E73-4C9B-97E0-31A6A73F08DB}.Release|Any CPU.ActiveCfg = Release|Any CPU
		{C7813836-2E73-4C9B-97E0-31A6A73F08DB}.Release|Any CPU.Build.0 = Release|Any CPU
		{4EA79519-83D5-42B2-839F-AE90B19FC76B}.Debug|Any CPU.ActiveCfg = Debug|Any CPU
		{4EA79519-83D5-42B2-839F-AE90B19FC76B}.Debug|Any CPU.Build.0 = Debug|Any CPU
		{4EA79519-83D5-42B2-839F-AE90B19FC76B}.Release|Any CPU.ActiveCfg = Release|Any CPU
		{4EA79519-83D5-42B2-839F-AE90B19FC76B}.Release|Any CPU.Build.0 = Release|Any CPU
	EndGlobalSection
	GlobalSection(SolutionProperties) = preSolution
		HideSolutionNode = FALSE
	EndGlobalSection
	GlobalSection(ExtensibilityGlobals) = postSolution
		SolutionGuid = {B788FA77-948E-4218-97B5-A9C340DE6F8A}
	EndGlobalSection
EndGlobal
