
Microsoft Visual Studio Solution File, Format Version 12.00
# Visual Studio 15
VisualStudioVersion = 15.0.26730.16
MinimumVisualStudioVersion = 10.0.40219.1
Project("{9A19103F-16F7-4668-BE54-9A1E7A4F7556}") = "Task 02.Monopoly", "Task 02.Monopoly\Task 02.Monopoly.csproj", "{54B499A7-59CF-4A1D-9B5A-39A268E1BFFB}"
EndProject
Project("{FAE04EC0-301F-11D3-BF4B-00C04F79EFBC}") = "Task 01.ArrangeIntegers", "Task 01.ArrangeIntegers\Task 01.ArrangeIntegers.csproj", "{2C1AA9D1-5E10-4C39-B555-4169C6208B38}"
EndProject
Project("{FAE04EC0-301F-11D3-BF4B-00C04F79EFBC}") = "Task 03.BasicMarkUpLanguage", "Task 03.BasicMarkUpLanguage\Task 03.BasicMarkUpLanguage.csproj", "{0EFB8B4B-BF0C-4619-AAFF-F162E275DEEB}"
EndProject
Project("{FAE04EC0-301F-11D3-BF4B-00C04F79EFBC}") = "Task 04.ChampionsLeague", "Task 04.ChampionsLeague\Task 04.ChampionsLeague.csproj", "{EA554B16-98C2-4326-AD0F-D6F614448121}"
EndProject
Global
	GlobalSection(SolutionConfigurationPlatforms) = preSolution
		Debug|Any CPU = Debug|Any CPU
		Release|Any CPU = Release|Any CPU
	EndGlobalSection
	GlobalSection(ProjectConfigurationPlatforms) = postSolution
		{54B499A7-59CF-4A1D-9B5A-39A268E1BFFB}.Debug|Any CPU.ActiveCfg = Debug|Any CPU
		{54B499A7-59CF-4A1D-9B5A-39A268E1BFFB}.Debug|Any CPU.Build.0 = Debug|Any CPU
		{54B499A7-59CF-4A1D-9B5A-39A268E1BFFB}.Release|Any CPU.ActiveCfg = Release|Any CPU
		{54B499A7-59CF-4A1D-9B5A-39A268E1BFFB}.Release|Any CPU.Build.0 = Release|Any CPU
		{2C1AA9D1-5E10-4C39-B555-4169C6208B38}.Debug|Any CPU.ActiveCfg = Debug|Any CPU
		{2C1AA9D1-5E10-4C39-B555-4169C6208B38}.Debug|Any CPU.Build.0 = Debug|Any CPU
		{2C1AA9D1-5E10-4C39-B555-4169C6208B38}.Release|Any CPU.ActiveCfg = Release|Any CPU
		{2C1AA9D1-5E10-4C39-B555-4169C6208B38}.Release|Any CPU.Build.0 = Release|Any CPU
		{0EFB8B4B-BF0C-4619-AAFF-F162E275DEEB}.Debug|Any CPU.ActiveCfg = Debug|Any CPU
		{0EFB8B4B-BF0C-4619-AAFF-F162E275DEEB}.Debug|Any CPU.Build.0 = Debug|Any CPU
		{0EFB8B4B-BF0C-4619-AAFF-F162E275DEEB}.Release|Any CPU.ActiveCfg = Release|Any CPU
		{0EFB8B4B-BF0C-4619-AAFF-F162E275DEEB}.Release|Any CPU.Build.0 = Release|Any CPU
		{EA554B16-98C2-4326-AD0F-D6F614448121}.Debug|Any CPU.ActiveCfg = Debug|Any CPU
		{EA554B16-98C2-4326-AD0F-D6F614448121}.Debug|Any CPU.Build.0 = Debug|Any CPU
		{EA554B16-98C2-4326-AD0F-D6F614448121}.Release|Any CPU.ActiveCfg = Release|Any CPU
		{EA554B16-98C2-4326-AD0F-D6F614448121}.Release|Any CPU.Build.0 = Release|Any CPU
	EndGlobalSection
	GlobalSection(SolutionProperties) = preSolution
		HideSolutionNode = FALSE
	EndGlobalSection
	GlobalSection(ExtensibilityGlobals) = postSolution
		SolutionGuid = {97B68239-0483-46FD-8475-51E5B7E17C66}
	EndGlobalSection
EndGlobal
