
Microsoft Visual Studio Solution File, Format Version 12.00
# Visual Studio 15
VisualStudioVersion = 15.0.26730.16
MinimumVisualStudioVersion = 10.0.40219.1
Project("{FAE04EC0-301F-11D3-BF4B-00C04F79EFBC}") = "Task 01. ReadFile", "Task 01. ReadFile\Task 01. ReadFile.csproj", "{9472FB98-C396-4785-B694-0FBDA78E6696}"
EndProject
Project("{FAE04EC0-301F-11D3-BF4B-00C04F79EFBC}") = "Task 02. WriteToFile", "Task 02. WriteToFile\Task 02. WriteToFile.csproj", "{F15355D9-CB7C-4F20-8123-D5485CA08EF9}"
EndProject
Global
	GlobalSection(SolutionConfigurationPlatforms) = preSolution
		Debug|Any CPU = Debug|Any CPU
		Release|Any CPU = Release|Any CPU
	EndGlobalSection
	GlobalSection(ProjectConfigurationPlatforms) = postSolution
		{9472FB98-C396-4785-B694-0FBDA78E6696}.Debug|Any CPU.ActiveCfg = Debug|Any CPU
		{9472FB98-C396-4785-B694-0FBDA78E6696}.Debug|Any CPU.Build.0 = Debug|Any CPU
		{9472FB98-C396-4785-B694-0FBDA78E6696}.Release|Any CPU.ActiveCfg = Release|Any CPU
		{9472FB98-C396-4785-B694-0FBDA78E6696}.Release|Any CPU.Build.0 = Release|Any CPU
		{F15355D9-CB7C-4F20-8123-D5485CA08EF9}.Debug|Any CPU.ActiveCfg = Debug|Any CPU
		{F15355D9-CB7C-4F20-8123-D5485CA08EF9}.Debug|Any CPU.Build.0 = Debug|Any CPU
		{F15355D9-CB7C-4F20-8123-D5485CA08EF9}.Release|Any CPU.ActiveCfg = Release|Any CPU
		{F15355D9-CB7C-4F20-8123-D5485CA08EF9}.Release|Any CPU.Build.0 = Release|Any CPU
	EndGlobalSection
	GlobalSection(SolutionProperties) = preSolution
		HideSolutionNode = FALSE
	EndGlobalSection
	GlobalSection(ExtensibilityGlobals) = postSolution
		SolutionGuid = {15E2A4D9-84D2-4198-A0AE-2FA969FD097B}
	EndGlobalSection
EndGlobal
