
Microsoft Visual Studio Solution File, Format Version 12.00
# Visual Studio 15
VisualStudioVersion = 15.0.27130.2027
MinimumVisualStudioVersion = 10.0.40219.1
Project("{9A19103F-16F7-4668-BE54-9A1E7A4F7556}") = "P01_HarvestingFields", "P01_HarvestingFields\P01_HarvestingFields.csproj", "{7F260FAD-4651-4410-AB1E-9F1F634EEDBB}"
EndProject
Project("{9A19103F-16F7-4668-BE54-9A1E7A4F7556}") = "P02_BlackBoxInteger", "P02_BlackBoxInteger\P02_BlackBoxInteger.csproj", "{11C9344B-1FA0-4838-92D7-3D9EC3CF6A7E}"
EndProject
Project("{9A19103F-16F7-4668-BE54-9A1E7A4F7556}") = "P03_BarraksWars", "P03_BarraksWars\P03_BarraksWars.csproj", "{D5787667-DE8F-43FF-A319-2EDF5A432628}"
EndProject
Global
	GlobalSection(SolutionConfigurationPlatforms) = preSolution
		Debug|Any CPU = Debug|Any CPU
		Release|Any CPU = Release|Any CPU
	EndGlobalSection
	GlobalSection(ProjectConfigurationPlatforms) = postSolution
		{7F260FAD-4651-4410-AB1E-9F1F634EEDBB}.Debug|Any CPU.ActiveCfg = Debug|Any CPU
		{7F260FAD-4651-4410-AB1E-9F1F634EEDBB}.Debug|Any CPU.Build.0 = Debug|Any CPU
		{7F260FAD-4651-4410-AB1E-9F1F634EEDBB}.Release|Any CPU.ActiveCfg = Release|Any CPU
		{7F260FAD-4651-4410-AB1E-9F1F634EEDBB}.Release|Any CPU.Build.0 = Release|Any CPU
		{11C9344B-1FA0-4838-92D7-3D9EC3CF6A7E}.Debug|Any CPU.ActiveCfg = Debug|Any CPU
		{11C9344B-1FA0-4838-92D7-3D9EC3CF6A7E}.Debug|Any CPU.Build.0 = Debug|Any CPU
		{11C9344B-1FA0-4838-92D7-3D9EC3CF6A7E}.Release|Any CPU.ActiveCfg = Release|Any CPU
		{11C9344B-1FA0-4838-92D7-3D9EC3CF6A7E}.Release|Any CPU.Build.0 = Release|Any CPU
		{D5787667-DE8F-43FF-A319-2EDF5A432628}.Debug|Any CPU.ActiveCfg = Debug|Any CPU
		{D5787667-DE8F-43FF-A319-2EDF5A432628}.Debug|Any CPU.Build.0 = Debug|Any CPU
		{D5787667-DE8F-43FF-A319-2EDF5A432628}.Release|Any CPU.ActiveCfg = Release|Any CPU
		{D5787667-DE8F-43FF-A319-2EDF5A432628}.Release|Any CPU.Build.0 = Release|Any CPU
	EndGlobalSection
	GlobalSection(SolutionProperties) = preSolution
		HideSolutionNode = FALSE
	EndGlobalSection
	GlobalSection(ExtensibilityGlobals) = postSolution
		SolutionGuid = {BCE97ED5-B0FF-4829-9400-994542D56DA0}
	EndGlobalSection
EndGlobal
