
Microsoft Visual Studio Solution File, Format Version 12.00
# Visual Studio 15
VisualStudioVersion = 15.0.26730.16
MinimumVisualStudioVersion = 10.0.40219.1
Project("{9A19103F-16F7-4668-BE54-9A1E7A4F7556}") = "Task 01.Regeh", "Task 01.Regeh\Task 01.Regeh.csproj", "{6647A303-3096-4E49-A291-CB799FFEF1D8}"
EndProject
Project("{FAE04EC0-301F-11D3-BF4B-00C04F79EFBC}") = "Task 02.KnightGame", "Task 02.KnightGame\Task 02.KnightGame.csproj", "{7F94D16E-FA35-41A0-9022-06704DA47C3A}"
EndProject
Project("{FAE04EC0-301F-11D3-BF4B-00C04F79EFBC}") = "Task 03.NumberWars", "Task 03.NumberWars\Task 03.NumberWars.csproj", "{D0220F32-DF0F-4FBC-807D-06B21046B671}"
EndProject
Global
	GlobalSection(SolutionConfigurationPlatforms) = preSolution
		Debug|Any CPU = Debug|Any CPU
		Release|Any CPU = Release|Any CPU
	EndGlobalSection
	GlobalSection(ProjectConfigurationPlatforms) = postSolution
		{6647A303-3096-4E49-A291-CB799FFEF1D8}.Debug|Any CPU.ActiveCfg = Debug|Any CPU
		{6647A303-3096-4E49-A291-CB799FFEF1D8}.Debug|Any CPU.Build.0 = Debug|Any CPU
		{6647A303-3096-4E49-A291-CB799FFEF1D8}.Release|Any CPU.ActiveCfg = Release|Any CPU
		{6647A303-3096-4E49-A291-CB799FFEF1D8}.Release|Any CPU.Build.0 = Release|Any CPU
		{7F94D16E-FA35-41A0-9022-06704DA47C3A}.Debug|Any CPU.ActiveCfg = Debug|Any CPU
		{7F94D16E-FA35-41A0-9022-06704DA47C3A}.Debug|Any CPU.Build.0 = Debug|Any CPU
		{7F94D16E-FA35-41A0-9022-06704DA47C3A}.Release|Any CPU.ActiveCfg = Release|Any CPU
		{7F94D16E-FA35-41A0-9022-06704DA47C3A}.Release|Any CPU.Build.0 = Release|Any CPU
		{D0220F32-DF0F-4FBC-807D-06B21046B671}.Debug|Any CPU.ActiveCfg = Debug|Any CPU
		{D0220F32-DF0F-4FBC-807D-06B21046B671}.Debug|Any CPU.Build.0 = Debug|Any CPU
		{D0220F32-DF0F-4FBC-807D-06B21046B671}.Release|Any CPU.ActiveCfg = Release|Any CPU
		{D0220F32-DF0F-4FBC-807D-06B21046B671}.Release|Any CPU.Build.0 = Release|Any CPU
	EndGlobalSection
	GlobalSection(SolutionProperties) = preSolution
		HideSolutionNode = FALSE
	EndGlobalSection
	GlobalSection(ExtensibilityGlobals) = postSolution
		SolutionGuid = {D9A9D4A1-A823-421E-B167-0EC51A2C9280}
	EndGlobalSection
EndGlobal
