
Microsoft Visual Studio Solution File, Format Version 12.00
# Visual Studio 15
VisualStudioVersion = 15.0.26730.16
MinimumVisualStudioVersion = 10.0.40219.1
Project("{FAE04EC0-301F-11D3-BF4B-00C04F79EFBC}") = "Task 01.SortEvenNumbers", "Task 01.SortEvenNumbers\Task 01.SortEvenNumbers.csproj", "{CEDC33D0-EE63-4867-AD04-A2A23F468813}"
EndProject
Project("{FAE04EC0-301F-11D3-BF4B-00C04F79EFBC}") = "Task 02. SumNumbers", "Task 02. SumNumbers\Task 02. SumNumbers.csproj", "{07C52017-8325-441F-B528-2AD596FEBD1E}"
EndProject
Project("{FAE04EC0-301F-11D3-BF4B-00C04F79EFBC}") = "Task 03.CountUppercaseWords", "Task 03.CountUppercaseWords\Task 03.CountUppercaseWords.csproj", "{90E95B02-C519-4735-AEDD-348DC6201BF6}"
EndProject
Project("{FAE04EC0-301F-11D3-BF4B-00C04F79EFBC}") = "Task 04.AddVAT", "Task 04.AddVAT\Task 04.AddVAT.csproj", "{54DDB873-2CBF-4702-94E8-4157C7C67B3F}"
EndProject
Project("{FAE04EC0-301F-11D3-BF4B-00C04F79EFBC}") = "Task 05.FilterByAge", "Task 05.FilterByAge\Task 05.FilterByAge.csproj", "{0E828C11-5719-4306-8801-9E01BD796123}"
EndProject
Global
	GlobalSection(SolutionConfigurationPlatforms) = preSolution
		Debug|Any CPU = Debug|Any CPU
		Release|Any CPU = Release|Any CPU
	EndGlobalSection
	GlobalSection(ProjectConfigurationPlatforms) = postSolution
		{CEDC33D0-EE63-4867-AD04-A2A23F468813}.Debug|Any CPU.ActiveCfg = Debug|Any CPU
		{CEDC33D0-EE63-4867-AD04-A2A23F468813}.Debug|Any CPU.Build.0 = Debug|Any CPU
		{CEDC33D0-EE63-4867-AD04-A2A23F468813}.Release|Any CPU.ActiveCfg = Release|Any CPU
		{CEDC33D0-EE63-4867-AD04-A2A23F468813}.Release|Any CPU.Build.0 = Release|Any CPU
		{07C52017-8325-441F-B528-2AD596FEBD1E}.Debug|Any CPU.ActiveCfg = Debug|Any CPU
		{07C52017-8325-441F-B528-2AD596FEBD1E}.Debug|Any CPU.Build.0 = Debug|Any CPU
		{07C52017-8325-441F-B528-2AD596FEBD1E}.Release|Any CPU.ActiveCfg = Release|Any CPU
		{07C52017-8325-441F-B528-2AD596FEBD1E}.Release|Any CPU.Build.0 = Release|Any CPU
		{90E95B02-C519-4735-AEDD-348DC6201BF6}.Debug|Any CPU.ActiveCfg = Debug|Any CPU
		{90E95B02-C519-4735-AEDD-348DC6201BF6}.Debug|Any CPU.Build.0 = Debug|Any CPU
		{90E95B02-C519-4735-AEDD-348DC6201BF6}.Release|Any CPU.ActiveCfg = Release|Any CPU
		{90E95B02-C519-4735-AEDD-348DC6201BF6}.Release|Any CPU.Build.0 = Release|Any CPU
		{54DDB873-2CBF-4702-94E8-4157C7C67B3F}.Debug|Any CPU.ActiveCfg = Debug|Any CPU
		{54DDB873-2CBF-4702-94E8-4157C7C67B3F}.Debug|Any CPU.Build.0 = Debug|Any CPU
		{54DDB873-2CBF-4702-94E8-4157C7C67B3F}.Release|Any CPU.ActiveCfg = Release|Any CPU
		{54DDB873-2CBF-4702-94E8-4157C7C67B3F}.Release|Any CPU.Build.0 = Release|Any CPU
		{0E828C11-5719-4306-8801-9E01BD796123}.Debug|Any CPU.ActiveCfg = Debug|Any CPU
		{0E828C11-5719-4306-8801-9E01BD796123}.Debug|Any CPU.Build.0 = Debug|Any CPU
		{0E828C11-5719-4306-8801-9E01BD796123}.Release|Any CPU.ActiveCfg = Release|Any CPU
		{0E828C11-5719-4306-8801-9E01BD796123}.Release|Any CPU.Build.0 = Release|Any CPU
	EndGlobalSection
	GlobalSection(SolutionProperties) = preSolution
		HideSolutionNode = FALSE
	EndGlobalSection
	GlobalSection(ExtensibilityGlobals) = postSolution
		SolutionGuid = {ECB4F91E-7AA3-40F3-9809-61D056C074E8}
	EndGlobalSection
EndGlobal
