
Microsoft Visual Studio Solution File, Format Version 12.00
# Visual Studio 15
VisualStudioVersion = 15.0.26730.16
MinimumVisualStudioVersion = 10.0.40219.1
Project("{FAE04EC0-301F-11D3-BF4B-00C04F79EFBC}") = "Task 01. Reverse Strings", "Task 01. Reverse Strings\Task 01. Reverse Strings.csproj", "{DBCC4A83-36C5-4223-8C7C-39E6736E9F3C}"
EndProject
Global
	GlobalSection(SolutionConfigurationPlatforms) = preSolution
		Debug|Any CPU = Debug|Any CPU
		Release|Any CPU = Release|Any CPU
	EndGlobalSection
	GlobalSection(ProjectConfigurationPlatforms) = postSolution
		{DBCC4A83-36C5-4223-8C7C-39E6736E9F3C}.Debug|Any CPU.ActiveCfg = Debug|Any CPU
		{DBCC4A83-36C5-4223-8C7C-39E6736E9F3C}.Debug|Any CPU.Build.0 = Debug|Any CPU
		{DBCC4A83-36C5-4223-8C7C-39E6736E9F3C}.Release|Any CPU.ActiveCfg = Release|Any CPU
		{DBCC4A83-36C5-4223-8C7C-39E6736E9F3C}.Release|Any CPU.Build.0 = Release|Any CPU
	EndGlobalSection
	GlobalSection(SolutionProperties) = preSolution
		HideSolutionNode = FALSE
	EndGlobalSection
	GlobalSection(ExtensibilityGlobals) = postSolution
		SolutionGuid = {C8606689-78B2-452D-97F1-415150907C92}
	EndGlobalSection
EndGlobal
