
Microsoft Visual Studio Solution File, Format Version 12.00
# Visual Studio 15
VisualStudioVersion = 15.0.27130.2027
MinimumVisualStudioVersion = 10.0.40219.1
Project("{FAE04EC0-301F-11D3-BF4B-00C04F79EFBC}") = "UnitTests", "UnitTests\UnitTests.csproj", "{12D31F3F-FFA1-47CA-938D-5A4C653FDABD}"
EndProject
Project("{FAE04EC0-301F-11D3-BF4B-00C04F79EFBC}") = "UnitTestExercises", "UnitTestExercises\UnitTestExercises.csproj", "{8E809DE1-6DC1-408D-9C20-B32CA79126A4}"
EndProject
Project("{9A19103F-16F7-4668-BE54-9A1E7A4F7556}") = "CustomLinkedList", "CustomLinkedList\CustomLinkedList\CustomLinkedList.csproj", "{C7F05B92-D734-4F0F-9B73-F022A18FC4F8}"
EndProject
Global
	GlobalSection(SolutionConfigurationPlatforms) = preSolution
		Debug|Any CPU = Debug|Any CPU
		Release|Any CPU = Release|Any CPU
	EndGlobalSection
	GlobalSection(ProjectConfigurationPlatforms) = postSolution
		{12D31F3F-FFA1-47CA-938D-5A4C653FDABD}.Debug|Any CPU.ActiveCfg = Debug|Any CPU
		{12D31F3F-FFA1-47CA-938D-5A4C653FDABD}.Debug|Any CPU.Build.0 = Debug|Any CPU
		{12D31F3F-FFA1-47CA-938D-5A4C653FDABD}.Release|Any CPU.ActiveCfg = Release|Any CPU
		{12D31F3F-FFA1-47CA-938D-5A4C653FDABD}.Release|Any CPU.Build.0 = Release|Any CPU
		{8E809DE1-6DC1-408D-9C20-B32CA79126A4}.Debug|Any CPU.ActiveCfg = Debug|Any CPU
		{8E809DE1-6DC1-408D-9C20-B32CA79126A4}.Debug|Any CPU.Build.0 = Debug|Any CPU
		{8E809DE1-6DC1-408D-9C20-B32CA79126A4}.Release|Any CPU.ActiveCfg = Release|Any CPU
		{8E809DE1-6DC1-408D-9C20-B32CA79126A4}.Release|Any CPU.Build.0 = Release|Any CPU
		{C7F05B92-D734-4F0F-9B73-F022A18FC4F8}.Debug|Any CPU.ActiveCfg = Debug|Any CPU
		{C7F05B92-D734-4F0F-9B73-F022A18FC4F8}.Debug|Any CPU.Build.0 = Debug|Any CPU
		{C7F05B92-D734-4F0F-9B73-F022A18FC4F8}.Release|Any CPU.ActiveCfg = Release|Any CPU
		{C7F05B92-D734-4F0F-9B73-F022A18FC4F8}.Release|Any CPU.Build.0 = Release|Any CPU
	EndGlobalSection
	GlobalSection(SolutionProperties) = preSolution
		HideSolutionNode = FALSE
	EndGlobalSection
	GlobalSection(ExtensibilityGlobals) = postSolution
		SolutionGuid = {13800D14-0FA3-477E-9E87-AD3A75E9C421}
	EndGlobalSection
EndGlobal
