
Microsoft Visual Studio Solution File, Format Version 12.00
# Visual Studio 15
VisualStudioVersion = 15.0.27428.2027
MinimumVisualStudioVersion = 10.0.40219.1
Project("{FAE04EC0-301F-11D3-BF4B-00C04F79EFBC}") = "P01_EventImplementation", "P01_EventImplementation\P01_EventImplementation.csproj", "{8029566D-8B21-4C68-B690-520E9ABB6A88}"
EndProject
Project("{FAE04EC0-301F-11D3-BF4B-00C04F79EFBC}") = "P02_KingsGambit", "P02_KingsGambit\P02_KingsGambit.csproj", "{C4A5820D-F392-4FC6-8132-D98693D1AE6A}"
EndProject
Project("{FAE04EC0-301F-11D3-BF4B-00C04F79EFBC}") = "P03_DependencyInversion", "P03_DependencyIn\P03_DependencyInversion.csproj", "{359FCB47-9AB4-49AA-9DB4-BAEE7E662895}"
EndProject
Global
	GlobalSection(SolutionConfigurationPlatforms) = preSolution
		Debug|Any CPU = Debug|Any CPU
		Release|Any CPU = Release|Any CPU
	EndGlobalSection
	GlobalSection(ProjectConfigurationPlatforms) = postSolution
		{8029566D-8B21-4C68-B690-520E9ABB6A88}.Debug|Any CPU.ActiveCfg = Debug|Any CPU
		{8029566D-8B21-4C68-B690-520E9ABB6A88}.Debug|Any CPU.Build.0 = Debug|Any CPU
		{8029566D-8B21-4C68-B690-520E9ABB6A88}.Release|Any CPU.ActiveCfg = Release|Any CPU
		{8029566D-8B21-4C68-B690-520E9ABB6A88}.Release|Any CPU.Build.0 = Release|Any CPU
		{C4A5820D-F392-4FC6-8132-D98693D1AE6A}.Debug|Any CPU.ActiveCfg = Debug|Any CPU
		{C4A5820D-F392-4FC6-8132-D98693D1AE6A}.Debug|Any CPU.Build.0 = Debug|Any CPU
		{C4A5820D-F392-4FC6-8132-D98693D1AE6A}.Release|Any CPU.ActiveCfg = Release|Any CPU
		{C4A5820D-F392-4FC6-8132-D98693D1AE6A}.Release|Any CPU.Build.0 = Release|Any CPU
		{359FCB47-9AB4-49AA-9DB4-BAEE7E662895}.Debug|Any CPU.ActiveCfg = Debug|Any CPU
		{359FCB47-9AB4-49AA-9DB4-BAEE7E662895}.Debug|Any CPU.Build.0 = Debug|Any CPU
		{359FCB47-9AB4-49AA-9DB4-BAEE7E662895}.Release|Any CPU.ActiveCfg = Release|Any CPU
		{359FCB47-9AB4-49AA-9DB4-BAEE7E662895}.Release|Any CPU.Build.0 = Release|Any CPU
	EndGlobalSection
	GlobalSection(SolutionProperties) = preSolution
		HideSolutionNode = FALSE
	EndGlobalSection
	GlobalSection(ExtensibilityGlobals) = postSolution
		SolutionGuid = {62897149-127F-4C31-99C5-E2BD8DFB9DC5}
	EndGlobalSection
EndGlobal
